
Microsoft Visual Studio Solution File, Format Version 12.00
# Visual Studio Version 16
VisualStudioVersion = 16.0.34601.136
MinimumVisualStudioVersion = 10.0.40219.1
Project("{FAE04EC0-301F-11D3-BF4B-00C04F79EFBC}") = "CAtrans", "CAtrans\CAtrans.csproj", "{4DD72A39-1544-4551-AF2E-25AD1468E8C4}"
EndProject
Global
	GlobalSection(SolutionConfigurationPlatforms) = preSolution
		Debug|Any CPU = Debug|Any CPU
		Release|Any CPU = Release|Any CPU
	EndGlobalSection
	GlobalSection(ProjectConfigurationPlatforms) = postSolution
		{4DD72A39-1544-4551-AF2E-25AD1468E8C4}.Debug|Any CPU.ActiveCfg = Debug|Any CPU
		{4DD72A39-1544-4551-AF2E-25AD1468E8C4}.Debug|Any CPU.Build.0 = Debug|Any CPU
		{4DD72A39-1544-4551-AF2E-25AD1468E8C4}.Release|Any CPU.ActiveCfg = Release|Any CPU
		{4DD72A39-1544-4551-AF2E-25AD1468E8C4}.Release|Any CPU.Build.0 = Release|Any CPU
	EndGlobalSection
	GlobalSection(SolutionProperties) = preSolution
		HideSolutionNode = FALSE
	EndGlobalSection
	GlobalSection(ExtensibilityGlobals) = postSolution
		SolutionGuid = {7860A414-560F-48D3-ABD4-694F6AECE0C0}
	EndGlobalSection
EndGlobal
